
Microsoft Visual Studio Solution File, Format Version 12.00
# Visual Studio 15
VisualStudioVersion = 15.0.27004.2009
MinimumVisualStudioVersion = 10.0.40219.1
Project("{FAE04EC0-301F-11D3-BF4B-00C04F79EFBC}") = "Logica", "..\Logica\Logica.csproj", "{B72A5FBC-8164-49FB-8AE6-D9FC2E76D058}"
EndProject
Project("{FAE04EC0-301F-11D3-BF4B-00C04F79EFBC}") = "BaseDatos", "..\BaseDatos\BaseDatos.csproj", "{2B5E0C8F-7624-4A1F-ADB1-4310A9E28BF4}"
EndProject
Project("{FAE04EC0-301F-11D3-BF4B-00C04F79EFBC}") = "PaginaWeb", "..\PaginaWeb\PaginaWeb.csproj", "{18FB5709-75A1-4346-9AD6-731FFB997473}"
EndProject
Project("{FAE04EC0-301F-11D3-BF4B-00C04F79EFBC}") = "AccesoDatos", "..\AccesoDatos\AccesoDatos.csproj", "{CA40F592-C71E-4F81-8864-0CEB489CFCA9}"
EndProject
Project("{FAE04EC0-301F-11D3-BF4B-00C04F79EFBC}") = "Servicios", "..\Servicios\Servicios.csproj", "{777221D2-D5A0-4F55-8096-6F2F865C8EE0}"
EndProject
Global
	GlobalSection(SolutionConfigurationPlatforms) = preSolution
		Debug|Any CPU = Debug|Any CPU
		Release|Any CPU = Release|Any CPU
	EndGlobalSection
	GlobalSection(ProjectConfigurationPlatforms) = postSolution
		{B72A5FBC-8164-49FB-8AE6-D9FC2E76D058}.Debug|Any CPU.ActiveCfg = Debug|Any CPU
		{B72A5FBC-8164-49FB-8AE6-D9FC2E76D058}.Debug|Any CPU.Build.0 = Debug|Any CPU
		{B72A5FBC-8164-49FB-8AE6-D9FC2E76D058}.Release|Any CPU.ActiveCfg = Release|Any CPU
		{B72A5FBC-8164-49FB-8AE6-D9FC2E76D058}.Release|Any CPU.Build.0 = Release|Any CPU
		{2B5E0C8F-7624-4A1F-ADB1-4310A9E28BF4}.Debug|Any CPU.ActiveCfg = Debug|Any CPU
		{2B5E0C8F-7624-4A1F-ADB1-4310A9E28BF4}.Debug|Any CPU.Build.0 = Debug|Any CPU
		{2B5E0C8F-7624-4A1F-ADB1-4310A9E28BF4}.Release|Any CPU.ActiveCfg = Release|Any CPU
		{2B5E0C8F-7624-4A1F-ADB1-4310A9E28BF4}.Release|Any CPU.Build.0 = Release|Any CPU
		{18FB5709-75A1-4346-9AD6-731FFB997473}.Debug|Any CPU.ActiveCfg = Debug|Any CPU
		{18FB5709-75A1-4346-9AD6-731FFB997473}.Debug|Any CPU.Build.0 = Debug|Any CPU
		{18FB5709-75A1-4346-9AD6-731FFB997473}.Release|Any CPU.ActiveCfg = Release|Any CPU
		{18FB5709-75A1-4346-9AD6-731FFB997473}.Release|Any CPU.Build.0 = Release|Any CPU
		{CA40F592-C71E-4F81-8864-0CEB489CFCA9}.Debug|Any CPU.ActiveCfg = Debug|Any CPU
		{CA40F592-C71E-4F81-8864-0CEB489CFCA9}.Debug|Any CPU.Build.0 = Debug|Any CPU
		{CA40F592-C71E-4F81-8864-0CEB489CFCA9}.Release|Any CPU.ActiveCfg = Release|Any CPU
		{CA40F592-C71E-4F81-8864-0CEB489CFCA9}.Release|Any CPU.Build.0 = Release|Any CPU
		{777221D2-D5A0-4F55-8096-6F2F865C8EE0}.Debug|Any CPU.ActiveCfg = Debug|Any CPU
		{777221D2-D5A0-4F55-8096-6F2F865C8EE0}.Debug|Any CPU.Build.0 = Debug|Any CPU
		{777221D2-D5A0-4F55-8096-6F2F865C8EE0}.Release|Any CPU.ActiveCfg = Release|Any CPU
		{777221D2-D5A0-4F55-8096-6F2F865C8EE0}.Release|Any CPU.Build.0 = Release|Any CPU
	EndGlobalSection
	GlobalSection(SolutionProperties) = preSolution
		HideSolutionNode = FALSE
	EndGlobalSection
	GlobalSection(ExtensibilityGlobals) = postSolution
		SolutionGuid = {66A0ADF4-7E26-476D-B2BB-2D1BEDBCBED6}
	EndGlobalSection
EndGlobal
